[[package]]
name = "apscheduler"
version = "3.9.1"
description = "In-process task scheduler with Cron-like capabilities"
category = "main"
optional = false
python-versions = ">=2.7, !=3.0.*, !=3.1.*, !=3.2.*, !=3.3.*, !=3.4.*, <4"

[package.dependencies]
pytz = "*"
six = ">=1.4.0"
tzlocal = ">=2.0,<3.0.0 || >=4.0.0"

[package.extras]
asyncio = ["trollius"]
doc = ["sphinx", "sphinx-rtd-theme"]
gevent = ["gevent"]
mongodb = ["pymongo (>=3.0)"]
redis = ["redis (>=3.0)"]
rethinkdb = ["rethinkdb (>=2.4.0)"]
sqlalchemy = ["sqlalchemy (>=0.8)"]
testing = ["pytest", "pytest-cov", "pytest-tornado5", "mock", "pytest-asyncio (<0.6)", "pytest-asyncio"]
tornado = ["tornado (>=4.3)"]
twisted = ["twisted"]
zookeeper = ["kazoo"]

[[package]]
name = "asyncio-redis"
version = "0.16.0"
description = "PEP 3156 implementation of the redis protocol."
category = "main"
optional = false
python-versions = ">=3.6"

[package.extras]
hiredis = ["hiredis"]

[[package]]
name = "commonmark"
version = "0.9.1"
description = "Python parser for the CommonMark Markdown spec"
category = "main"
optional = false
python-versions = "*"

[package.extras]
test = ["flake8 (==3.7.8)", "hypothesis (==3.55.3)"]

[[package]]
name = "django-environ"
version = "0.9.0"
description = "A package that allows you to utilize 12factor inspired environment variables to configure your Django application."
category = "main"
optional = false
python-versions = ">=3.4,<4"

[package.extras]
testing = ["pytest (>=4.6.11)", "coverage[toml] (>=5.0a4)"]
docs = ["sphinx-notfound-page", "sphinx (>=3.5.0)", "furo (>=2021.8.17b43,<2021.9.0)"]
develop = ["sphinx-notfound-page", "sphinx (>=3.5.0)", "furo (>=2021.8.17b43,<2021.9.0)", "pytest (>=4.6.11)", "coverage[toml] (>=5.0a4)"]

[[package]]
name = "flake8"
version = "4.0.1"
description = "the modular source code checker: pep8 pyflakes and co"
category = "dev"
optional = false
python-versions = ">=3.6"

[package.dependencies]
mccabe = ">=0.6.0,<0.7.0"
pycodestyle = ">=2.8.0,<2.9.0"
pyflakes = ">=2.4.0,<2.5.0"

[[package]]
name = "mccabe"
version = "0.6.1"
description = "McCabe checker, plugin for flake8"
category = "dev"
optional = false
python-versions = "*"

[[package]]
name = "pyaes"
version = "1.6.1"
description = "Pure-Python Implementation of the AES block-cipher and common modes of operation"
category = "main"
optional = false
python-versions = "*"

[[package]]
name = "pycodestyle"
version = "2.8.0"
description = "Python style guide checker"
category = "dev"
optional = false
python-versions = ">=2.7, !=3.0.*, !=3.1.*, !=3.2.*, !=3.3.*, !=3.4.*"

[[package]]
name = "pyflakes"
version = "2.4.0"
description = "passive checker of Python programs"
category = "dev"
optional = false
python-versions = ">=2.7, !=3.0.*, !=3.1.*, !=3.2.*, !=3.3.*"

[[package]]
name = "pygments"
version = "2.12.0"
description = "Pygments is a syntax highlighting package written in Python."
category = "main"
optional = false
python-versions = ">=3.6"

[[package]]
name = "pyrogram"
version = "2.0.30"
description = "Elegant, modern and asynchronous Telegram MTProto API framework in Python for users and bots"
category = "main"
optional = false
python-versions = "~=3.7"

[package.dependencies]
pyaes = "1.6.1"
pysocks = "1.7.1"

[[package]]
name = "pysocks"
version = "1.7.1"
description = "A Python SOCKS client module. See https://github.com/Anorov/PySocks for more information."
category = "main"
optional = false
python-versions = ">=2.7, !=3.0.*, !=3.1.*, !=3.2.*, !=3.3.*"

[[package]]
name = "pytz"
version = "2022.1"
description = "World timezone definitions, modern and historical"
category = "main"
optional = false
python-versions = "*"

[[package]]
name = "pytz-deprecation-shim"
version = "0.1.0.post0"
description = "Shims to make deprecation of pytz easier"
category = "main"
optional = false
python-versions = "!=3.0.*,!=3.1.*,!=3.2.*,!=3.3.*,!=3.4.*,!=3.5.*,>=2.7"

[package.dependencies]
tzdata = {version = "*", markers = "python_version >= \"3.6\""}

[[package]]
name = "rich"
version = "12.4.4"
description = "Render rich text, tables, progress bars, syntax highlighting, markdown and more to the terminal"
category = "main"
optional = false
python-versions = ">=3.6.3,<4.0.0"

[package.dependencies]
commonmark = ">=0.9.0,<0.10.0"
pygments = ">=2.6.0,<3.0.0"

[package.extras]
jupyter = ["ipywidgets (>=7.5.1,<8.0.0)"]

[[package]]
name = "six"
version = "1.16.0"
description = "Python 2 and 3 compatibility utilities"
category = "main"
optional = false
python-versions = ">=2.7, !=3.0.*, !=3.1.*, !=3.2.*"

[[package]]
name = "tgcrypto"
version = "1.2.3"
description = "Fast and Portable Cryptography Extension Library for Pyrogram"
category = "main"
optional = false
python-versions = "~=3.6"

[[package]]
name = "tzdata"
version = "2022.1"
description = "Provider of IANA time zone data"
category = "main"
optional = false
python-versions = ">=2"

[[package]]
name = "tzlocal"
version = "4.2"
description = "tzinfo object for the local timezone"
category = "main"
optional = false
python-versions = ">=3.6"

[package.dependencies]
pytz-deprecation-shim = "*"
tzdata = {version = "*", markers = "platform_system == \"Windows\""}

[package.extras]
devenv = ["black", "pyroma", "pytest-cov", "zest.releaser"]
test = ["pytest-mock (>=3.3)", "pytest (>=4.3)"]

[metadata]
lock-version = "1.1"
python-versions = "^3.10"
content-hash = "90b407823f128c7a5e769172cd38c010da5eb65268f34415dc6ec4d6e8aeaf9b"

[metadata.files]
apscheduler = [
    {file = "APScheduler-3.9.1-py2.py3-none-any.whl", hash = "sha256:ddc25a0ddd899de44d7f451f4375fb971887e65af51e41e5dcf681f59b8b2c9a"},
    {file = "APScheduler-3.9.1.tar.gz", hash = "sha256:65e6574b6395498d371d045f2a8a7e4f7d50c6ad21ef7313d15b1c7cf20df1e3"},
]
asyncio-redis = [
    {file = "asyncio_redis-0.16.0-py2.py3-none-any.whl", hash = "sha256:4a134fde5ea3628ff0c7118e2424b0f26140a1bd21d5e4632058f1f662773686"},
    {file = "asyncio_redis-0.16.0.tar.gz", hash = "sha256:ff8ce4e7e22a08e2688ae6b397aeac355473e343ce3c68ae3b713494318d848b"},
]
commonmark = [
    {file = "commonmark-0.9.1-py2.py3-none-any.whl", hash = "sha256:da2f38c92590f83de410ba1a3cbceafbc74fee9def35f9251ba9a971d6d66fd9"},
    {file = "commonmark-0.9.1.tar.gz", hash = "sha256:452f9dc859be7f06631ddcb328b6919c67984aca654e5fefb3914d54691aed60"},
]
django-environ = [
    {file = "django-environ-0.9.0.tar.gz", hash = "sha256:bff5381533056328c9ac02f71790bd5bf1cea81b1beeb648f28b81c9e83e0a21"},
    {file = "django_environ-0.9.0-py2.py3-none-any.whl", hash = "sha256:f21a5ef8cc603da1870bbf9a09b7e5577ab5f6da451b843dbcc721a7bca6b3d9"},
]
flake8 = [
    {file = "flake8-4.0.1-py2.py3-none-any.whl", hash = "sha256:479b1304f72536a55948cb40a32dce8bb0ffe3501e26eaf292c7e60eb5e0428d"},
    {file = "flake8-4.0.1.tar.gz", hash = "sha256:806e034dda44114815e23c16ef92f95c91e4c71100ff52813adf7132a6ad870d"},
]
mccabe = [
    {file = "mccabe-0.6.1-py2.py3-none-any.whl", hash = "sha256:ab8a6258860da4b6677da4bd2fe5dc2c659cff31b3ee4f7f5d64e79735b80d42"},
    {file = "mccabe-0.6.1.tar.gz", hash = "sha256:dd8d182285a0fe56bace7f45b5e7d1a6ebcbf524e8f3bd87eb0f125271b8831f"},
]
pyaes = [
    {file = "pyaes-1.6.1.tar.gz", hash = "sha256:02c1b1405c38d3c370b085fb952dd8bea3fadcee6411ad99f312cc129c536d8f"},
]
pycodestyle = [
    {file = "pycodestyle-2.8.0-py2.py3-none-any.whl", hash = "sha256:720f8b39dde8b293825e7ff02c475f3077124006db4f440dcbc9a20b76548a20"},
    {file = "pycodestyle-2.8.0.tar.gz", hash = "sha256:eddd5847ef438ea1c7870ca7eb78a9d47ce0cdb4851a5523949f2601d0cbbe7f"},
]
pyflakes = [
    {file = "pyflakes-2.4.0-py2.py3-none-any.whl", hash = "sha256:3bb3a3f256f4b7968c9c788781e4ff07dce46bdf12339dcda61053375426ee2e"},
    {file = "pyflakes-2.4.0.tar.gz", hash = "sha256:05a85c2872edf37a4ed30b0cce2f6093e1d0581f8c19d7393122da7e25b2b24c"},
]
pygments = [
    {file = "Pygments-2.12.0-py3-none-any.whl", hash = "sha256:dc9c10fb40944260f6ed4c688ece0cd2048414940f1cea51b8b226318411c519"},
    {file = "Pygments-2.12.0.tar.gz", hash = "sha256:5eb116118f9612ff1ee89ac96437bb6b49e8f04d8a13b514ba26f620208e26eb"},
]
pyrogram = [
    {file = "Pyrogram-2.0.30-py3-none-any.whl", hash = "sha256:e7bd947d23ff5d6b939a8e6487a2fc2735c99af7e48bc245927dca478078cee6"},
    {file = "Pyrogram-2.0.30.tar.gz", hash = "sha256:28ed05342661597a3c93281c3145d04366d8ef3a3a72d1cacae6328b077ca2e7"},
]
pysocks = [
    {file = "PySocks-1.7.1-py27-none-any.whl", hash = "sha256:08e69f092cc6dbe92a0fdd16eeb9b9ffbc13cadfe5ca4c7bd92ffb078b293299"},
    {file = "PySocks-1.7.1-py3-none-any.whl", hash = "sha256:2725bd0a9925919b9b51739eea5f9e2bae91e83288108a9ad338b2e3a4435ee5"},
    {file = "PySocks-1.7.1.tar.gz", hash = "sha256:3f8804571ebe159c380ac6de37643bb4685970655d3bba243530d6558b799aa0"},
]
pytz = [
    {file = "pytz-2022.1-py2.py3-none-any.whl", hash = "sha256:e68985985296d9a66a881eb3193b0906246245294a881e7c8afe623866ac6a5c"},
    {file = "pytz-2022.1.tar.gz", hash = "sha256:1e760e2fe6a8163bc0b3d9a19c4f84342afa0a2affebfaa84b01b978a02ecaa7"},
]
pytz-deprecation-shim = [
    {file = "pytz_deprecation_shim-0.1.0.post0-py2.py3-none-any.whl", hash = "sha256:8314c9692a636c8eb3bda879b9f119e350e93223ae83e70e80c31675a0fdc1a6"},
    {file = "pytz_deprecation_shim-0.1.0.post0.tar.gz", hash = "sha256:af097bae1b616dde5c5744441e2ddc69e74dfdcb0c263129610d85b87445a59d"},
]
rich = [
    {file = "rich-12.4.4-py3-none-any.whl", hash = "sha256:d2bbd99c320a2532ac71ff6a3164867884357da3e3301f0240090c5d2fdac7ec"},
    {file = "rich-12.4.4.tar.gz", hash = "sha256:4c586de507202505346f3e32d1363eb9ed6932f0c2f63184dea88983ff4971e2"},
]
six = [
    {file = "six-1.16.0-py2.py3-none-any.whl", hash = "sha256:8abb2f1d86890a2dfb989f9a77cfcfd3e47c2a354b01111771326f8aa26e0254"},
    {file = "six-1.16.0.tar.gz", hash = "sha256:1e61c37477a1626458e36f7b1d82aa5c9b094fa4802892072e49de9c60c4c926"},
]
tgcrypto = [
    {file = "TgCrypto-1.2.3-cp310-cp310-macosx_10_9_universal2.whl", hash = "sha256:266cfc47dde87e23421b2ee50cbb066ec4b8c294553f79742e3d694af5c0d118"},
    {file = "TgCrypto-1.2.3-cp310-cp310-macosx_10_9_x86_64.whl", hash = "sha256:ab3f759180b17d252dd57f018dff9190dc0e96e5ff3aeb90b598e2ab2f81f57e"},
    {file = "TgCrypto-1.2.3-cp310-cp310-macosx_11_0_arm64.whl", hash = "sha256:8f69a8a73c37f99bc265df5e071f0506e2815d001362f117c6f7db13c9a1859e"},
    {file = "TgCrypto-1.2.3-cp310-cp310-manylinux_2_17_x86_64.manylinux2014_x86_64.whl", hash = "sha256:51f0b1f75533b01c4109ee332e48d9f6734fb286cebe8385c8b1393ba183b693"},
    {file = "TgCrypto-1.2.3-cp310-cp310-manylinux_2_5_i686.manylinux1_i686.manylinux_2_17_i686.manylinux2014_i686.whl", hash = "sha256:6fd9f9ba1ec042430539a895377f18260dd9833a8eacb52121457756bb26419d"},
    {file = "TgCrypto-1.2.3-cp310-cp310-musllinux_1_1_i686.whl", hash = "sha256:af738c072d721eb8a0d39b0d6140193c0e848f6cb34071ff573b4dd5c094b499"},
    {file = "TgCrypto-1.2.3-cp310-cp310-musllinux_1_1_x86_64.whl", hash = "sha256:9f0a07a7112fcdc1c5c84a3b72de4c2d96ef45edc51e542bd7f998b2305b74c8"},
    {file = "TgCrypto-1.2.3-cp310-cp310-win32.whl", hash = "sha256:d58bd811d1a533cbe0e10677152c75edee01b9c893edea6e455678dbf271313f"},
    {file = "TgCrypto-1.2.3-cp310-cp310-win_amd64.whl", hash = "sha256:8e29b62061bc97f1de5176f2c91891b0c614b0de6b1999a0a477faaa61159748"},
    {file = "TgCrypto-1.2.3-cp36-cp36m-macosx_10_9_x86_64.whl", hash = "sha256:7ccb42db80af53d109753be139bb7f6b9cf9e6281e847619860964a8a7edf019"},
    {file = "TgCrypto-1.2.3-cp36-cp36m-manylinux_2_17_x86_64.manylinux2014_x86_64.whl", hash = "sha256:4a2d5cfdf06eabfdc3027257cc28ce3d42922644f33f523308e69644af5843c4"},
    {file = "TgCrypto-1.2.3-cp36-cp36m-manylinux_2_5_i686.manylinux1_i686.manylinux_2_17_i686.manylinux2014_i686.whl", hash = "sha256:adcc983f85812892f77fed9c96a9751b4c18e63cd5b8ea76836f778304d7a9db"},
    {file = "TgCrypto-1.2.3-cp36-cp36m-musllinux_1_1_i686.whl", hash = "sha256:307035717383ea256d1c629675610f007d127d67ef786e0055a127b53f6fa589"},
    {file = "TgCrypto-1.2.3-cp36-cp36m-musllinux_1_1_x86_64.whl", hash = "sha256:281672bfb51b3e30be1a0f29717007d0e815c323afe5c802f07e551099934e62"},
    {file = "TgCrypto-1.2.3-cp36-cp36m-win32.whl", hash = "sha256:438316dc58ef75bb5f7f2e4521e942c3e797966b7262d0b5880bf84c59c2ba48"},
    {file = "TgCrypto-1.2.3-cp36-cp36m-win_amd64.whl", hash = "sha256:c385a651f83f710fba150f8fba8774cfd0b2c234123de747c486cf46f8d182f6"},
    {file = "TgCrypto-1.2.3-cp37-cp37m-macosx_10_9_x86_64.whl", hash = "sha256:84932e93b6582a4abc8c64dd4b94a3b903d946f1d4ea4cbb7fe6bc1d49e7620a"},
    {file = "TgCrypto-1.2.3-cp37-cp37m-manylinux_2_17_x86_64.manylinux2014_x86_64.whl", hash = "sha256:97ced03b6fc66fd6074e07e90411ad2fb85d18f6110f5947ce29d5390f325b3e"},
    {file = "TgCrypto-1.2.3-cp37-cp37m-manylinux_2_5_i686.manylinux1_i686.manylinux_2_17_i686.manylinux2014_i686.whl", hash = "sha256:9c2dcd16acd9a25ab9e6f83eb93fdeb8c3d892c76cd8157a75a045a343f5c98d"},
    {file = "TgCrypto-1.2.3-cp37-cp37m-musllinux_1_1_i686.whl", hash = "sha256:3b0628dea2e06f59315ec373902f7b1b6562abba0e82c60d6843648bf1311e4b"},
    {file = "TgCrypto-1.2.3-cp37-cp37m-musllinux_1_1_x86_64.whl", hash = "sha256:90cf802e42fa187fbb3fb4de23b5c8b0a7bff946c2a6be31ff6b37254b00f254"},
    {file = "TgCrypto-1.2.3-cp37-cp37m-win32.whl", hash = "sha256:ba1976374a7b72c12f51eb3efcf291c56cc316eebfaea9c5db0c98c5fc149c33"},
    {file = "TgCrypto-1.2.3-cp37-cp37m-win_amd64.whl", hash = "sha256:bf553cc9088c7b6c502cbaa495d7c0b8ae035c56ff77e6c932efd2415ee13532"},
    {file = "TgCrypto-1.2.3-cp38-cp38-macosx_10_9_universal2.whl", hash = "sha256:c0efdf3d38320ddaafa145da1b2fce2abbdb9fc32d94538e2782e41da57ffe53"},
    {file = "TgCrypto-1.2.3-cp38-cp38-macosx_10_9_x86_64.whl", hash = "sha256:6e0ec261992ddb50081fbf2094ce6eaf97d880717b0e100caf74783cca317799"},
    {file = "TgCrypto-1.2.3-cp38-cp38-macosx_11_0_arm64.whl", hash = "sha256:5c0b5d6d1e6133e4ce283228df22c83ff5f760a169075eac1c493194462038c7"},
    {file = "TgCrypto-1.2.3-cp38-cp38-manylinux_2_17_x86_64.manylinux2014_x86_64.whl", hash = "sha256:2a036ad285536723540f4071a3f23d312104dc728906dfafd9bba0ca5c8ebfb6"},
    {file = "TgCrypto-1.2.3-cp38-cp38-manylinux_2_5_i686.manylinux1_i686.manylinux_2_17_i686.manylinux2014_i686.whl", hash = "sha256:4d5f139da89e4bfaca3b7667fe889fb1c14c818f85e3ef3f029d16575ac10b83"},
    {file = "TgCrypto-1.2.3-cp38-cp38-musllinux_1_1_i686.whl", hash = "sha256:f549f1164de67548327593362ae4f94435510b6d1c194e5579d3f0379f91bb71"},
    {file = "TgCrypto-1.2.3-cp38-cp38-musllinux_1_1_x86_64.whl", hash = "sha256:8aef7d1d88fe051dae5a9a331e78e27f031a7290bed5d5f4f07a440e9d836bbb"},
    {file = "TgCrypto-1.2.3-cp38-cp38-win32.whl", hash = "sha256:2a6ae87e32f5e94494eb37af29fd4e9d9560752f701922614b03fc6b2e6b9011"},
    {file = "TgCrypto-1.2.3-cp38-cp38-win_amd64.whl", hash = "sha256:056845a5e368d6e4e94b2b773ab0529dd5d5d65b04dc1fa051f63be7ff7e7a3a"},
    {file = "TgCrypto-1.2.3-cp39-cp39-macosx_10_9_universal2.whl", hash = "sha256:17bd13f6c99a784f43fbcd410a80c18f078dadea71d049718caf255f6510895f"},
    {file = "TgCrypto-1.2.3-cp39-cp39-macosx_10_9_x86_64.whl", hash = "sha256:8536befb9bf952bf986e83d02fbebd65f6465b574d8ed3f3456c3e97ccd9122a"},
    {file = "TgCrypto-1.2.3-cp39-cp39-macosx_11_0_arm64.whl", hash = "sha256:268ad4b8a8e5b5e6b13435d0d57b91ccb4a2af9e1c893b014ea42f1b43b1966c"},
    {file = "TgCrypto-1.2.3-cp39-cp39-manylinux_2_17_x86_64.manylinux2014_x86_64.whl", hash = "sha256:e0106d780ca971f00376e28ccc3f4d45a29665f3cbe2b7b118141ecd85fe4c2d"},
    {file = "TgCrypto-1.2.3-cp39-cp39-manylinux_2_5_i686.manylinux1_i686.manylinux_2_17_i686.manylinux2014_i686.whl", hash = "sha256:148fc9c40fdbd059655062c1eec612f8ace2d6d2a9158016472771ef04b06599"},
    {file = "TgCrypto-1.2.3-cp39-cp39-musllinux_1_1_i686.whl", hash = "sha256:42caf6e96742e8bce1a66bf7c6d48832ea1617f0a165e1c767ccde9d1889ba0f"},
    {file = "TgCrypto-1.2.3-cp39-cp39-musllinux_1_1_x86_64.whl", hash = "sha256:8d44117d9e57fc15425517fb363bd8757c2340b1fce464b1bef3dd69d828ed60"},
    {file = "TgCrypto-1.2.3-cp39-cp39-win32.whl", hash = "sha256:3199d2666f00bffd6c373190bc0f8153a7de1bf00da2cc585c877bb43a57b8d9"},
    {file = "TgCrypto-1.2.3-cp39-cp39-win_amd64.whl", hash = "sha256:fdba12358104453fef2b9f46ae7e364eadd8f857cd39ab6ab94a94bd4b246efc"},
    {file = "TgCrypto-1.2.3-pp37-pypy37_pp73-macosx_10_9_x86_64.whl", hash = "sha256:d2ccda26a5f3377242f926a88b65d46c4b5b7d515304ceaefc39543b3ee5fdc8"},
    {file = "TgCrypto-1.2.3-pp37-pypy37_pp73-manylinux_2_17_x86_64.manylinux2014_x86_64.whl", hash = "sha256:6bd38f118732c5ebc43fab7cd20ea4f53d0e2367a86169d22af98c2bca9bf8aa"},
    {file = "TgCrypto-1.2.3-pp37-pypy37_pp73-manylinux_2_5_i686.manylinux1_i686.manylinux_2_17_i686.manylinux2014_i686.whl", hash = "sha256:064caf3b1fdb7b923271130416fe6b2ab1ba695db83375011f39f49df3af202c"},
    {file = "TgCrypto-1.2.3-pp37-pypy37_pp73-win_amd64.whl", hash = "sha256:76d038ae370bef184d7ece6505573857f1229cb8ef54b93def820734d4baa3d8"},
    {file = "TgCrypto-1.2.3-pp38-pypy38_pp73-macosx_10_9_x86_64.whl", hash = "sha256:dde446012dd5395efdce266a4c25267217586f0296981385e79774dd60c69df1"},
    {file = "TgCrypto-1.2.3-pp38-pypy38_pp73-manylinux_2_17_x86_64.manylinux2014_x86_64.whl", hash = "sha256:5857bdd18359fda4680f2557b12e32e911ae08a1651e241c76d37130bf7e8bef"},
    {file = "TgCrypto-1.2.3-pp38-pypy38_pp73-manylinux_2_5_i686.manylinux1_i686.manylinux_2_17_i686.manylinux2014_i686.whl", hash = "sha256:8adabe5b55e78882a81d2a1aa8248ecb2767dc7305dde5f241e5e80208c8328c"},
    {file = "TgCrypto-1.2.3-pp38-pypy38_pp73-win_amd64.whl", hash = "sha256:8515d2f54d02937f40bb169ad733a9b7e9ba360d1fdef0c3d396af433c1ce474"},
    {file = "TgCrypto-1.2.3.tar.gz", hash = "sha256:87a7f4c722972645f20ec140499bf71672ba921d4ae85b33d3a7ab96c7c9d1b4"},
]
tzdata = [
    {file = "tzdata-2022.1-py2.py3-none-any.whl", hash = "sha256:238e70234214138ed7b4e8a0fab0e5e13872edab3be586ab8198c407620e2ab9"},
    {file = "tzdata-2022.1.tar.gz", hash = "sha256:8b536a8ec63dc0751342b3984193a3118f8fca2afe25752bb9b7fffd398552d3"},
]
tzlocal = [
    {file = "tzlocal-4.2-py3-none-any.whl", hash = "sha256:89885494684c929d9191c57aa27502afc87a579be5cdd3225c77c463ea043745"},
    {file = "tzlocal-4.2.tar.gz", hash = "sha256:ee5842fa3a795f023514ac2d801c4a81d1743bbe642e3940143326b3a00addd7"},
]
